<Solution>
  <Folder Name="/Solution Items/">
    <File Path=".gitignore" />
    <File Path="docker-compose.yml" />
    <File Path="prometheus.yml" />
    <File Path="readme.md" />
  </Folder>
  <Project Path="PredictorService/PredictorService.csproj" />
  <Project Path="TrafficSimulator/TrafficSimulator.csproj" />
  <Project Path="VictimService/VictimService.csproj" />
</Solution>
